// !$*UTF8*$!
{
	archiveVersion = 1;
	classes = {
	};
	objectVersion = 55;
	objects = {

/* Begin PBXBuildFile section */
		D4C5FB3F278EC98700A1B088 /* ContentCell.swift in Sources */ = {isa = PBXBuildFile; fileRef = D4C5FB3E278EC98700A1B088 /* ContentCell.swift */; };
		D4E7B91C278C53A700B209EF /* EmotionContentVC.swift in Sources */ = {isa = PBXBuildFile; fileRef = D4E7B91B278C53A700B209EF /* EmotionContentVC.swift */; };
		D4FF7B9E278AA84C005DA9EA /* AppDelegate.swift in Sources */ = {isa = PBXBuildFile; fileRef = D4FF7B9D278AA84C005DA9EA /* AppDelegate.swift */; };
		D4FF7BA0278AA84C005DA9EA /* SceneDelegate.swift in Sources */ = {isa = PBXBuildFile; fileRef = D4FF7B9F278AA84C005DA9EA /* SceneDelegate.swift */; };
		D4FF7BA7278AA84C005DA9EA /* Assets.xcassets in Resources */ = {isa = PBXBuildFile; fileRef = D4FF7BA6278AA84C005DA9EA /* Assets.xcassets */; };
		D4FF7BAA278AA84C005DA9EA /* LaunchScreen.storyboard in Resources */ = {isa = PBXBuildFile; fileRef = D4FF7BA8278AA84C005DA9EA /* LaunchScreen.storyboard */; };
		D4FF7BB3278AA975005DA9EA /* Alamofire in Frameworks */ = {isa = PBXBuildFile; productRef = D4FF7BB2278AA975005DA9EA /* Alamofire */; };
		D4FF7BB6278AA982005DA9EA /* SnapKit in Frameworks */ = {isa = PBXBuildFile; productRef = D4FF7BB5278AA982005DA9EA /* SnapKit */; };
		D4FF7BB9278AA98E005DA9EA /* FSCalendar in Frameworks */ = {isa = PBXBuildFile; productRef = D4FF7BB8278AA98E005DA9EA /* FSCalendar */; };
		D4FF7BBC278AAA15005DA9EA /* LoginVC.swift in Sources */ = {isa = PBXBuildFile; fileRef = D4FF7BBB278AAA15005DA9EA /* LoginVC.swift */; };
		D4FF7BBE278AAF0D005DA9EA /* SANGJU Gotgam.otf in Resources */ = {isa = PBXBuildFile; fileRef = D4FF7BBD278AAF0D005DA9EA /* SANGJU Gotgam.otf */; };
		D4FF7BC2278AB62F005DA9EA /* MainVC.swift in Sources */ = {isa = PBXBuildFile; fileRef = D4FF7BC1278AB62F005DA9EA /* MainVC.swift */; };
		D4FF7BC4278ACAE6005DA9EA /* CalendarCell.swift in Sources */ = {isa = PBXBuildFile; fileRef = D4FF7BC3278ACAE6005DA9EA /* CalendarCell.swift */; };
		D4FF7BC6278AD854005DA9EA /* DiaryWrite.swift in Sources */ = {isa = PBXBuildFile; fileRef = D4FF7BC5278AD854005DA9EA /* DiaryWrite.swift */; };
/* End PBXBuildFile section */

/* Begin PBXFileReference section */
		D4C5FB3E278EC98700A1B088 /* ContentCell.swift */ = {isa = PBXFileReference; lastKnownFileType = sourcecode.swift; path = ContentCell.swift; sourceTree = "<group>"; };
		D4E7B91B278C53A700B209EF /* EmotionContentVC.swift */ = {isa = PBXFileReference; lastKnownFileType = sourcecode.swift; path = EmotionContentVC.swift; sourceTree = "<group>"; };
		D4FF7B9A278AA84C005DA9EA /* haruDiary.app */ = {isa = PBXFileReference; explicitFileType = wrapper.application; includeInIndex = 0; path = haruDiary.app; sourceTree = BUILT_PRODUCTS_DIR; };
		D4FF7B9D278AA84C005DA9EA /* AppDelegate.swift */ = {isa = PBXFileReference; lastKnownFileType = sourcecode.swift; path = AppDelegate.swift; sourceTree = "<group>"; };
		D4FF7B9F278AA84C005DA9EA /* SceneDelegate.swift */ = {isa = PBXFileReference; lastKnownFileType = sourcecode.swift; path = SceneDelegate.swift; sourceTree = "<group>"; };
		D4FF7BA6278AA84C005DA9EA /* Assets.xcassets */ = {isa = PBXFileReference; lastKnownFileType = folder.assetcatalog; path = Assets.xcassets; sourceTree = "<group>"; };
		D4FF7BA9278AA84C005DA9EA /* Base */ = {isa = PBXFileReference; lastKnownFileType = file.storyboard; name = Base; path = Base.lproj/LaunchScreen.storyboard; sourceTree = "<group>"; };
		D4FF7BAB278AA84C005DA9EA /* Info.plist */ = {isa = PBXFileReference; lastKnownFileType = text.plist.xml; path = Info.plist; sourceTree = "<group>"; };
		D4FF7BBB278AAA15005DA9EA /* LoginVC.swift */ = {isa = PBXFileReference; lastKnownFileType = sourcecode.swift; path = LoginVC.swift; sourceTree = "<group>"; };
		D4FF7BBD278AAF0D005DA9EA /* SANGJU Gotgam.otf */ = {isa = PBXFileReference; lastKnownFileType = file; name = "SANGJU Gotgam.otf"; path = "../../../Downloads/Mac용+상주시+전용서체+-+OTF/SANGJU Gotgam.otf"; sourceTree = "<group>"; };
		D4FF7BC0278AAF17005DA9EA /* SANGJU Gotgam.otf */ = {isa = PBXFileReference; lastKnownFileType = file; path = "SANGJU Gotgam.otf"; sourceTree = "<group>"; };
		D4FF7BC1278AB62F005DA9EA /* MainVC.swift */ = {isa = PBXFileReference; lastKnownFileType = sourcecode.swift; path = MainVC.swift; sourceTree = "<group>"; };
		D4FF7BC3278ACAE6005DA9EA /* CalendarCell.swift */ = {isa = PBXFileReference; lastKnownFileType = sourcecode.swift; path = CalendarCell.swift; sourceTree = "<group>"; };
		D4FF7BC5278AD854005DA9EA /* DiaryWrite.swift */ = {isa = PBXFileReference; lastKnownFileType = sourcecode.swift; path = DiaryWrite.swift; sourceTree = "<group>"; };
/* End PBXFileReference section */

/* Begin PBXFrameworksBuildPhase section */
		D4FF7B97278AA84C005DA9EA /* Frameworks */ = {
			isa = PBXFrameworksBuildPhase;
			buildActionMask = 2147483647;
			files = (
				D4FF7BB3278AA975005DA9EA /* Alamofire in Frameworks */,
				D4FF7BB9278AA98E005DA9EA /* FSCalendar in Frameworks */,
				D4FF7BB6278AA982005DA9EA /* SnapKit in Frameworks */,
			);
			runOnlyForDeploymentPostprocessing = 0;
		};
/* End PBXFrameworksBuildPhase section */

/* Begin PBXGroup section */
		D4FF7B91278AA84C005DA9EA = {
			isa = PBXGroup;
			children = (
				D4FF7B9C278AA84C005DA9EA /* haruDiary */,
				D4FF7B9B278AA84C005DA9EA /* Products */,
			);
			sourceTree = "<group>";
		};
		D4FF7B9B278AA84C005DA9EA /* Products */ = {
			isa = PBXGroup;
			children = (
				D4FF7B9A278AA84C005DA9EA /* haruDiary.app */,
			);
			name = Products;
			sourceTree = "<group>";
		};
		D4FF7B9C278AA84C005DA9EA /* haruDiary */ = {
			isa = PBXGroup;
			children = (
				D4FF7B9D278AA84C005DA9EA /* AppDelegate.swift */,
				D4FF7B9F278AA84C005DA9EA /* SceneDelegate.swift */,
				D4FF7BA6278AA84C005DA9EA /* Assets.xcassets */,
				D4FF7BA8278AA84C005DA9EA /* LaunchScreen.storyboard */,
				D4FF7BBD278AAF0D005DA9EA /* SANGJU Gotgam.otf */,
				D4FF7BAB278AA84C005DA9EA /* Info.plist */,
				D4FF7BBF278AAF13005DA9EA /* font */,
				D4FF7BBA278AA9D4005DA9EA /* VC */,
			);
			path = haruDiary;
			sourceTree = "<group>";
		};
		D4FF7BBA278AA9D4005DA9EA /* VC */ = {
			isa = PBXGroup;
			children = (
				D4FF7BBB278AAA15005DA9EA /* LoginVC.swift */,
				D4FF7BC1278AB62F005DA9EA /* MainVC.swift */,
				D4FF7BC3278ACAE6005DA9EA /* CalendarCell.swift */,
				D4FF7BC5278AD854005DA9EA /* DiaryWrite.swift */,
				D4E7B91B278C53A700B209EF /* EmotionContentVC.swift */,
				D4C5FB3E278EC98700A1B088 /* ContentCell.swift */,
			);
			path = VC;
			sourceTree = "<group>";
		};
		D4FF7BBF278AAF13005DA9EA /* font */ = {
			isa = PBXGroup;
			children = (
				D4FF7BC0278AAF17005DA9EA /* SANGJU Gotgam.otf */,
			);
			path = font;
			sourceTree = "<group>";
		};
/* End PBXGroup section */

/* Begin PBXNativeTarget section */
		D4FF7B99278AA84C005DA9EA /* haruDiary */ = {
			isa = PBXNativeTarget;
			buildConfigurationList = D4FF7BAE278AA84C005DA9EA /* Build configuration list for PBXNativeTarget "haruDiary" */;
			buildPhases = (
				D4FF7B96278AA84C005DA9EA /* Sources */,
				D4FF7B97278AA84C005DA9EA /* Frameworks */,
				D4FF7B98278AA84C005DA9EA /* Resources */,
			);
			buildRules = (
			);
			dependencies = (
			);
			name = haruDiary;
			packageProductDependencies = (
				D4FF7BB2278AA975005DA9EA /* Alamofire */,
				D4FF7BB5278AA982005DA9EA /* SnapKit */,
				D4FF7BB8278AA98E005DA9EA /* FSCalendar */,
			);
			productName = haruDiary;
			productReference = D4FF7B9A278AA84C005DA9EA /* haruDiary.app */;
			productType = "com.apple.product-type.application";
		};
/* End PBXNativeTarget section */

/* Begin PBXProject section */
		D4FF7B92278AA84C005DA9EA /* Project object */ = {
			isa = PBXProject;
			attributes = {
				BuildIndependentTargetsInParallel = 1;
				LastSwiftUpdateCheck = 1300;
				LastUpgradeCheck = 1300;
				TargetAttributes = {
					D4FF7B99278AA84C005DA9EA = {
						CreatedOnToolsVersion = 13.0;
					};
				};
			};
			buildConfigurationList = D4FF7B95278AA84C005DA9EA /* Build configuration list for PBXProject "haruDiary" */;
			compatibilityVersion = "Xcode 13.0";
			developmentRegion = en;
			hasScannedForEncodings = 0;
			knownRegions = (
				en,
				Base,
			);
			mainGroup = D4FF7B91278AA84C005DA9EA;
			packageReferences = (
				D4FF7BB1278AA975005DA9EA /* XCRemoteSwiftPackageReference "Alamofire" */,
				D4FF7BB4278AA982005DA9EA /* XCRemoteSwiftPackageReference "SnapKit" */,
				D4FF7BB7278AA98E005DA9EA /* XCRemoteSwiftPackageReference "FSCalendar" */,
			);
			productRefGroup = D4FF7B9B278AA84C005DA9EA /* Products */;
			projectDirPath = "";
			projectRoot = "";
			targets = (
				D4FF7B99278AA84C005DA9EA /* haruDiary */,
			);
		};
/* End PBXProject section */

/* Begin PBXResourcesBuildPhase section */
		D4FF7B98278AA84C005DA9EA /* Resources */ = {
			isa = PBXResourcesBuildPhase;
			buildActionMask = 2147483647;
			files = (
				D4FF7BAA278AA84C005DA9EA /* LaunchScreen.storyboard in Resources */,
				D4FF7BBE278AAF0D005DA9EA /* SANGJU Gotgam.otf in Resources */,
				D4FF7BA7278AA84C005DA9EA /* Assets.xcassets in Resources */,
			);
			runOnlyForDeploymentPostprocessing = 0;
		};
/* End PBXResourcesBuildPhase section */

/* Begin PBXSourcesBuildPhase section */
		D4FF7B96278AA84C005DA9EA /* Sources */ = {
			isa = PBXSourcesBuildPhase;
			buildActionMask = 2147483647;
			files = (
				D4FF7B9E278AA84C005DA9EA /* AppDelegate.swift in Sources */,
				D4FF7BC2278AB62F005DA9EA /* MainVC.swift in Sources */,
				D4FF7BA0278AA84C005DA9EA /* SceneDelegate.swift in Sources */,
				D4FF7BC6278AD854005DA9EA /* DiaryWrite.swift in Sources */,
				D4E7B91C278C53A700B209EF /* EmotionContentVC.swift in Sources */,
				D4FF7BBC278AAA15005DA9EA /* LoginVC.swift in Sources */,
				D4FF7BC4278ACAE6005DA9EA /* CalendarCell.swift in Sources */,
				D4C5FB3F278EC98700A1B088 /* ContentCell.swift in Sources */,
			);
			runOnlyForDeploymentPostprocessing = 0;
		};
/* End PBXSourcesBuildPhase section */

/* Begin PBXVariantGroup section */
		D4FF7BA8278AA84C005DA9EA /* LaunchScreen.storyboard */ = {
			isa = PBXVariantGroup;
			children = (
				D4FF7BA9278AA84C005DA9EA /* Base */,
			);
			name = LaunchScreen.storyboard;
			sourceTree = "<group>";
		};
/* End PBXVariantGroup section */

/* Begin XCBuildConfiguration section */
		D4FF7BAC278AA84C005DA9EA /* Debug */ = {
			isa = XCBuildConfiguration;
			buildSettings = {
				ALWAYS_SEARCH_USER_PATHS = NO;
				CLANG_ANALYZER_NONNULL = YES;
				CLANG_ANALYZER_NUMBER_OBJECT_CONVERSION = YES_AGGRESSIVE;
				CLANG_CXX_LANGUAGE_STANDARD = "gnu++17";
				CLANG_CXX_LIBRARY = "libc++";
				CLANG_ENABLE_MODULES = YES;
				CLANG_ENABLE_OBJC_ARC = YES;
				CLANG_ENABLE_OBJC_WEAK = YES;
				CLANG_WARN_BLOCK_CAPTURE_AUTORELEASING = YES;
				CLANG_WARN_BOOL_CONVERSION = YES;
				CLANG_WARN_COMMA = YES;
				CLANG_WARN_CONSTANT_CONVERSION = YES;
				CLANG_WARN_DEPRECATED_OBJC_IMPLEMENTATIONS = YES;
				CLANG_WARN_DIRECT_OBJC_ISA_USAGE = YES_ERROR;
				CLANG_WARN_DOCUMENTATION_COMMENTS = YES;
				CLANG_WARN_EMPTY_BODY = YES;
				CLANG_WARN_ENUM_CONVERSION = YES;
				CLANG_WARN_INFINITE_RECURSION = YES;
				CLANG_WARN_INT_CONVERSION = YES;
				CLANG_WARN_NON_LITERAL_NULL_CONVERSION = YES;
				CLANG_WARN_OBJC_IMPLICIT_RETAIN_SELF = YES;
				CLANG_WARN_OBJC_LITERAL_CONVERSION = YES;
				CLANG_WARN_OBJC_ROOT_CLASS = YES_ERROR;
				CLANG_WARN_QUOTED_INCLUDE_IN_FRAMEWORK_HEADER = YES;
				CLANG_WARN_RANGE_LOOP_ANALYSIS = YES;
				CLANG_WARN_STRICT_PROTOTYPES = YES;
				CLANG_WARN_SUSPICIOUS_MOVE = YES;
				CLANG_WARN_UNGUARDED_AVAILABILITY = YES_AGGRESSIVE;
				CLANG_WARN_UNREACHABLE_CODE = YES;
				CLANG_WARN__DUPLICATE_METHOD_MATCH = YES;
				COPY_PHASE_STRIP = NO;
				DEBUG_INFORMATION_FORMAT = dwarf;
				ENABLE_STRICT_OBJC_MSGSEND = YES;
				ENABLE_TESTABILITY = YES;
				GCC_C_LANGUAGE_STANDARD = gnu11;
				GCC_DYNAMIC_NO_PIC = NO;
				GCC_NO_COMMON_BLOCKS = YES;
				GCC_OPTIMIZATION_LEVEL = 0;
				GCC_PREPROCESSOR_DEFINITIONS = (
					"DEBUG=1",
					"$(inherited)",
				);
				GCC_WARN_64_TO_32_BIT_CONVERSION = YES;
				GCC_WARN_ABOUT_RETURN_TYPE = YES_ERROR;
				GCC_WARN_UNDECLARED_SELECTOR = YES;
				GCC_WARN_UNINITIALIZED_AUTOS = YES_AGGRESSIVE;
				GCC_WARN_UNUSED_FUNCTION = YES;
				GCC_WARN_UNUSED_VARIABLE = YES;
				IPHONEOS_DEPLOYMENT_TARGET = 15.0;
				MTL_ENABLE_DEBUG_INFO = INCLUDE_SOURCE;
				MTL_FAST_MATH = YES;
				ONLY_ACTIVE_ARCH = YES;
				SDKROOT = iphoneos;
				SWIFT_ACTIVE_COMPILATION_CONDITIONS = DEBUG;
				SWIFT_OPTIMIZATION_LEVEL = "-Onone";
			};
			name = Debug;
		};
		D4FF7BAD278AA84C005DA9EA /* Release */ = {
			isa = XCBuildConfiguration;
			buildSettings = {
				ALWAYS_SEARCH_USER_PATHS = NO;
				CLANG_ANALYZER_NONNULL = YES;
				CLANG_ANALYZER_NUMBER_OBJECT_CONVERSION = YES_AGGRESSIVE;
				CLANG_CXX_LANGUAGE_STANDARD = "gnu++17";
				CLANG_CXX_LIBRARY = "libc++";
				CLANG_ENABLE_MODULES = YES;
				CLANG_ENABLE_OBJC_ARC = YES;
				CLANG_ENABLE_OBJC_WEAK = YES;
				CLANG_WARN_BLOCK_CAPTURE_AUTORELEASING = YES;
				CLANG_WARN_BOOL_CONVERSION = YES;
				CLANG_WARN_COMMA = YES;
				CLANG_WARN_CONSTANT_CONVERSION = YES;
				CLANG_WARN_DEPRECATED_OBJC_IMPLEMENTATIONS = YES;
				CLANG_WARN_DIRECT_OBJC_ISA_USAGE = YES_ERROR;
				CLANG_WARN_DOCUMENTATION_COMMENTS = YES;
				CLANG_WARN_EMPTY_BODY = YES;
				CLANG_WARN_ENUM_CONVERSION = YES;
				CLANG_WARN_INFINITE_RECURSION = YES;
				CLANG_WARN_INT_CONVERSION = YES;
				CLANG_WARN_NON_LITERAL_NULL_CONVERSION = YES;
				CLANG_WARN_OBJC_IMPLICIT_RETAIN_SELF = YES;
				CLANG_WARN_OBJC_LITERAL_CONVERSION = YES;
				CLANG_WARN_OBJC_ROOT_CLASS = YES_ERROR;
				CLANG_WARN_QUOTED_INCLUDE_IN_FRAMEWORK_HEADER = YES;
				CLANG_WARN_RANGE_LOOP_ANALYSIS = YES;
				CLANG_WARN_STRICT_PROTOTYPES = YES;
				CLANG_WARN_SUSPICIOUS_MOVE = YES;
				CLANG_WARN_UNGUARDED_AVAILABILITY = YES_AGGRESSIVE;
				CLANG_WARN_UNREACHABLE_CODE = YES;
				CLANG_WARN__DUPLICATE_METHOD_MATCH = YES;
				COPY_PHASE_STRIP = NO;
				DEBUG_INFORMATION_FORMAT = "dwarf-with-dsym";
				ENABLE_NS_ASSERTIONS = NO;
				ENABLE_STRICT_OBJC_MSGSEND = YES;
				GCC_C_LANGUAGE_STANDARD = gnu11;
				GCC_NO_COMMON_BLOCKS = YES;
				GCC_WARN_64_TO_32_BIT_CONVERSION = YES;
				GCC_WARN_ABOUT_RETURN_TYPE = YES_ERROR;
				GCC_WARN_UNDECLARED_SELECTOR = YES;
				GCC_WARN_UNINITIALIZED_AUTOS = YES_AGGRESSIVE;
				GCC_WARN_UNUSED_FUNCTION = YES;
				GCC_WARN_UNUSED_VARIABLE = YES;
				IPHONEOS_DEPLOYMENT_TARGET = 15.0;
				MTL_ENABLE_DEBUG_INFO = NO;
				MTL_FAST_MATH = YES;
				SDKROOT = iphoneos;
				SWIFT_COMPILATION_MODE = wholemodule;
				SWIFT_OPTIMIZATION_LEVEL = "-O";
				VALIDATE_PRODUCT = YES;
			};
			name = Release;
		};
		D4FF7BAF278AA84C005DA9EA /* Debug */ = {
			isa = XCBuildConfiguration;
			buildSettings = {
				ASSETCATALOG_COMPILER_APPICON_NAME = AppIcon;
				ASSETCATALOG_COMPILER_GLOBAL_ACCENT_COLOR_NAME = AccentColor;
				CODE_SIGN_STYLE = Automatic;
				CURRENT_PROJECT_VERSION = 1;
				DEVELOPMENT_TEAM = VT6KC94KM7;
				GENERATE_INFOPLIST_FILE = YES;
				INFOPLIST_FILE = haruDiary/Info.plist;
				INFOPLIST_KEY_UIApplicationSupportsIndirectInputEvents = YES;
				INFOPLIST_KEY_UILaunchStoryboardName = LaunchScreen;
				INFOPLIST_KEY_UISupportedInterfaceOrientations_iPad = "UIInterfaceOrientationPortrait UIInterfaceOrientationPortraitUpsideDown UIInterfaceOrientationLandscapeLeft UIInterfaceOrientationLandscapeRight";
				INFOPLIST_KEY_UISupportedInterfaceOrientations_iPhone = "UIInterfaceOrientationPortrait UIInterfaceOrientationLandscapeLeft UIInterfaceOrientationLandscapeRight";
				LD_RUNPATH_SEARCH_PATHS = (
					"$(inherited)",
					"@executable_path/Frameworks",
				);
				MARKETING_VERSION = 1.0;
				PRODUCT_BUNDLE_IDENTIFIER = pccommen.haruDiary;
				PRODUCT_NAME = "$(TARGET_NAME)";
				SWIFT_EMIT_LOC_STRINGS = YES;
				SWIFT_VERSION = 5.0;
				TARGETED_DEVICE_FAMILY = "1,2";
			};
			name = Debug;
		};
		D4FF7BB0278AA84C005DA9EA /* Release */ = {
			isa = XCBuildConfiguration;
			buildSettings = {
				ASSETCATALOG_COMPILER_APPICON_NAME = AppIcon;
				ASSETCATALOG_COMPILER_GLOBAL_ACCENT_COLOR_NAME = AccentColor;
				CODE_SIGN_STYLE = Automatic;
				CURRENT_PROJECT_VERSION = 1;
				DEVELOPMENT_TEAM = VT6KC94KM7;
				GENERATE_INFOPLIST_FILE = YES;
				INFOPLIST_FILE = haruDiary/Info.plist;
				INFOPLIST_KEY_UIApplicationSupportsIndirectInputEvents = YES;
				INFOPLIST_KEY_UILaunchStoryboardName = LaunchScreen;
				INFOPLIST_KEY_UISupportedInterfaceOrientations_iPad = "UIInterfaceOrientationPortrait UIInterfaceOrientationPortraitUpsideDown UIInterfaceOrientationLandscapeLeft UIInterfaceOrientationLandscapeRight";
				INFOPLIST_KEY_UISupportedInterfaceOrientations_iPhone = "UIInterfaceOrientationPortrait UIInterfaceOrientationLandscapeLeft UIInterfaceOrientationLandscapeRight";
				LD_RUNPATH_SEARCH_PATHS = (
					"$(inherited)",
					"@executable_path/Frameworks",
				);
				MARKETING_VERSION = 1.0;
				PRODUCT_BUNDLE_IDENTIFIER = pccommen.haruDiary;
				PRODUCT_NAME = "$(TARGET_NAME)";
				SWIFT_EMIT_LOC_STRINGS = YES;
				SWIFT_VERSION = 5.0;
				TARGETED_DEVICE_FAMILY = "1,2";
			};
			name = Release;
		};
/* End XCBuildConfiguration section */

/* Begin XCConfigurationList section */
		D4FF7B95278AA84C005DA9EA /* Build configuration list for PBXProject "haruDiary" */ = {
			isa = XCConfigurationList;
			buildConfigurations = (
				D4FF7BAC278AA84C005DA9EA /* Debug */,
				D4FF7BAD278AA84C005DA9EA /* Release */,
			);
			defaultConfigurationIsVisible = 0;
			defaultConfigurationName = Release;
		};
		D4FF7BAE278AA84C005DA9EA /* Build configuration list for PBXNativeTarget "haruDiary" */ = {
			isa = XCConfigurationList;
			buildConfigurations = (
				D4FF7BAF278AA84C005DA9EA /* Debug */,
				D4FF7BB0278AA84C005DA9EA /* Release */,
			);
			defaultConfigurationIsVisible = 0;
			defaultConfigurationName = Release;
		};
/* End XCConfigurationList section */

/* Begin XCRemoteSwiftPackageReference section */
		D4FF7BB1278AA975005DA9EA /* XCRemoteSwiftPackageReference "Alamofire" */ = {
			isa = XCRemoteSwiftPackageReference;
			repositoryURL = "https://github.com/Alamofire/Alamofire.git";
			requirement = {
				branch = master;
				kind = branch;
			};
		};
		D4FF7BB4278AA982005DA9EA /* XCRemoteSwiftPackageReference "SnapKit" */ = {
			isa = XCRemoteSwiftPackageReference;
			repositoryURL = "https://github.com/SnapKit/SnapKit.git";
			requirement = {
				branch = develop;
				kind = branch;
			};
		};
		D4FF7BB7278AA98E005DA9EA /* XCRemoteSwiftPackageReference "FSCalendar" */ = {
			isa = XCRemoteSwiftPackageReference;
			repositoryURL = "https://github.com/WenchaoD/FSCalendar.git";
			requirement = {
				branch = master;
				kind = branch;
			};
		};
/* End XCRemoteSwiftPackageReference section */

/* Begin XCSwiftPackageProductDependency section */
		D4FF7BB2278AA975005DA9EA /* Alamofire */ = {
			isa = XCSwiftPackageProductDependency;
			package = D4FF7BB1278AA975005DA9EA /* XCRemoteSwiftPackageReference "Alamofire" */;
			productName = Alamofire;
		};
		D4FF7BB5278AA982005DA9EA /* SnapKit */ = {
			isa = XCSwiftPackageProductDependency;
			package = D4FF7BB4278AA982005DA9EA /* XCRemoteSwiftPackageReference "SnapKit" */;
			productName = SnapKit;
		};
		D4FF7BB8278AA98E005DA9EA /* FSCalendar */ = {
			isa = XCSwiftPackageProductDependency;
			package = D4FF7BB7278AA98E005DA9EA /* XCRemoteSwiftPackageReference "FSCalendar" */;
			productName = FSCalendar;
		};
/* End XCSwiftPackageProductDependency section */
	};
	rootObject = D4FF7B92278AA84C005DA9EA /* Project object */;
}
